
Microsoft Visual Studio Solution File, Format Version 12.00
# Visual Studio Version 16
VisualStudioVersion = 16.0.30320.27
MinimumVisualStudioVersion = 10.0.40219.1
Project("{FAE04EC0-301F-11D3-BF4B-00C04F79EFBC}") = "DynamoDBTest", "DynamoDBTest\DynamoDBTest.csproj", "{CA0CA3A8-FB90-4166-851C-E8A7040F3545}"
EndProject
Global
	GlobalSection(SolutionConfigurationPlatforms) = preSolution
		Debug|Any CPU = Debug|Any CPU
		Release|Any CPU = Release|Any CPU
	EndGlobalSection
	GlobalSection(ProjectConfigurationPlatforms) = postSolution
		{CA0CA3A8-FB90-4166-851C-E8A7040F3545}.Debug|Any CPU.ActiveCfg = Debug|Any CPU
		{CA0CA3A8-FB90-4166-851C-E8A7040F3545}.Debug|Any CPU.Build.0 = Debug|Any CPU
		{CA0CA3A8-FB90-4166-851C-E8A7040F3545}.Release|Any CPU.ActiveCfg = Release|Any CPU
		{CA0CA3A8-FB90-4166-851C-E8A7040F3545}.Release|Any CPU.Build.0 = Release|Any CPU
	EndGlobalSection
	GlobalSection(SolutionProperties) = preSolution
		HideSolutionNode = FALSE
	EndGlobalSection
	GlobalSection(ExtensibilityGlobals) = postSolution
		SolutionGuid = {C0CE541A-FE38-4249-AD02-588BE1CFF50C}
	EndGlobalSection
EndGlobal
